// !$*UTF8*$!
{
	archiveVersion = 1;
	classes = {
	};
	objectVersion = 56;
	objects = {

/* Begin PBXBuildFile section */
		500F08432EA63CB300316330 /* AccountFormView.swift in Sources */ = {isa = PBXBuildFile; fileRef = 500F082B2EA63CB300316330 /* AccountFormView.swift */; };
		500F08442EA63CB300316330 /* DashboardScreen.swift in Sources */ = {isa = PBXBuildFile; fileRef = 500F08322EA63CB300316330 /* DashboardScreen.swift */; };
		500F08452EA63CB300316330 /* FallbackRates.swift in Sources */ = {isa = PBXBuildFile; fileRef = 500F08212EA63CB300316330 /* FallbackRates.swift */; };
		500F08462EA63CB300316330 /* FinanceItem.swift in Sources */ = {isa = PBXBuildFile; fileRef = 500F08182EA63CB300316330 /* FinanceItem.swift */; };
		500F08472EA63CB300316330 /* NetworkStatus.swift in Sources */ = {isa = PBXBuildFile; fileRef = 500F08232EA63CB300316330 /* NetworkStatus.swift */; };
		500F08482EA63CB300316330 /* OfflineQueueService.swift in Sources */ = {isa = PBXBuildFile; fileRef = 500F081D2EA63CB300316330 /* OfflineQueueService.swift */; };
		500F08492EA63CB300316330 /* RevenueFormView.swift in Sources */ = {isa = PBXBuildFile; fileRef = 500F08362EA63CB300316330 /* RevenueFormView.swift */; };
		500F084A2EA63CB300316330 /* SubscriptionRowView.swift in Sources */ = {isa = PBXBuildFile; fileRef = 500F083F2EA63CB300316330 /* SubscriptionRowView.swift */; };
		500F084B2EA63CB300316330 /* RevenueRowView.swift in Sources */ = {isa = PBXBuildFile; fileRef = 500F08372EA63CB300316330 /* RevenueRowView.swift */; };
		500F084C2EA63CB300316330 /* SubscriptionFormView.swift in Sources */ = {isa = PBXBuildFile; fileRef = 500F083E2EA63CB300316330 /* SubscriptionFormView.swift */; };
		500F084D2EA63CB300316330 /* RevenueViewModel.swift in Sources */ = {isa = PBXBuildFile; fileRef = 500F08282EA63CB300316330 /* RevenueViewModel.swift */; };
		500F084E2EA63CB300316330 /* AuthViewModel.swift in Sources */ = {isa = PBXBuildFile; fileRef = 500F08262EA63CB300316330 /* AuthViewModel.swift */; };
		500F084F2EA63CB300316330 /* SubscriptionItem.swift in Sources */ = {isa = PBXBuildFile; fileRef = 500F081A2EA63CB300316330 /* SubscriptionItem.swift */; };
		500F08502EA63CB300316330 /* ToastManager.swift in Sources */ = {isa = PBXBuildFile; fileRef = 500F083B2EA63CB300316330 /* ToastManager.swift */; };
		500F08512EA63CB300316330 /* AccountsViewModel.swift in Sources */ = {isa = PBXBuildFile; fileRef = 500F08252EA63CB300316330 /* AccountsViewModel.swift */; };
		500F08522EA63CB300316330 /* AccountsScreen.swift in Sources */ = {isa = PBXBuildFile; fileRef = 500F082D2EA63CB300316330 /* AccountsScreen.swift */; };
		500F08532EA63CB300316330 /* ProjectionChartView.swift in Sources */ = {isa = PBXBuildFile; fileRef = 500F08332EA63CB300316330 /* ProjectionChartView.swift */; };
		500F08542EA63CB300316330 /* RevenueScreen.swift in Sources */ = {isa = PBXBuildFile; fileRef = 500F08382EA63CB300316330 /* RevenueScreen.swift */; };
		500F08552EA63CB300316330 /* RevenueItem.swift in Sources */ = {isa = PBXBuildFile; fileRef = 500F08192EA63CB300316330 /* RevenueItem.swift */; };
		500F08562EA63CB300316330 /* DateCalculations.swift in Sources */ = {isa = PBXBuildFile; fileRef = 500F08202EA63CB300316330 /* DateCalculations.swift */; };
		500F08572EA63CB300316330 /* Config.swift in Sources */ = {isa = PBXBuildFile; fileRef = 500F08172EA63CB300316330 /* Config.swift */; };
		500F08582EA63CB300316330 /* SubscriptionsScreen.swift in Sources */ = {isa = PBXBuildFile; fileRef = 500F08402EA63CB300316330 /* SubscriptionsScreen.swift */; };
		500F08592EA63CB300316330 /* SupabaseService.swift in Sources */ = {isa = PBXBuildFile; fileRef = 500F081E2EA63CB300316330 /* SupabaseService.swift */; };
		500F085A2EA63CB300316330 /* AccountRowView.swift in Sources */ = {isa = PBXBuildFile; fileRef = 500F082C2EA63CB300316330 /* AccountRowView.swift */; };
		500F085B2EA63CB300316330 /* BalanceCard.swift in Sources */ = {isa = PBXBuildFile; fileRef = 500F08312EA63CB300316330 /* BalanceCard.swift */; };
		500F085C2EA63CB300316330 /* DashboardViewModel.swift in Sources */ = {isa = PBXBuildFile; fileRef = 500F08272EA63CB300316330 /* DashboardViewModel.swift */; };
		500F085D2EA63CB300316330 /* QuickStatsView.swift in Sources */ = {isa = PBXBuildFile; fileRef = 500F08342EA63CB300316330 /* QuickStatsView.swift */; };
		500F085E2EA63CB300316330 /* SignInView.swift in Sources */ = {isa = PBXBuildFile; fileRef = 500F082F2EA63CB300316330 /* SignInView.swift */; };
		500F085F2EA63CB300316330 /* ToastView.swift in Sources */ = {isa = PBXBuildFile; fileRef = 500F083C2EA63CB300316330 /* ToastView.swift */; };
		500F08602EA63CB300316330 /* SubscriptionsViewModel.swift in Sources */ = {isa = PBXBuildFile; fileRef = 500F08292EA63CB300316330 /* SubscriptionsViewModel.swift */; };
		500F08612EA63CB300316330 /* MainTabView.swift in Sources */ = {isa = PBXBuildFile; fileRef = 500F083A2EA63CB300316330 /* MainTabView.swift */; };
		500F08622EA63CB300316330 /* FinancialCalculations.swift in Sources */ = {isa = PBXBuildFile; fileRef = 500F08222EA63CB300316330 /* FinancialCalculations.swift */; };
		500F08632EA63CB300316330 /* CurrencyService.swift in Sources */ = {isa = PBXBuildFile; fileRef = 500F081C2EA63CB300316330 /* CurrencyService.swift */; };
		500F08642EA63CB300316330 /* LocalStorageService.swift in Sources */ = {isa = PBXBuildFile; fileRef = 500F08652EA63CB300316330 /* LocalStorageService.swift */; };
		500F086A2EA63CB300316330 /* SettingsScreen.swift in Sources */ = {isa = PBXBuildFile; fileRef = 500F08692EA63CB300316330 /* SettingsScreen.swift */; };
		500F08672EA63DE000316330 /* Supabase in Frameworks */ = {isa = PBXBuildFile; productRef = 500F08662EA63DE000316330 /* Supabase */; };
		AA0000000000000001 /* FinanceTrackerApp.swift in Sources */ = {isa = PBXBuildFile; fileRef = AA0000000000000002 /* FinanceTrackerApp.swift */; };
		AA0000000000000003 /* ContentView.swift in Sources */ = {isa = PBXBuildFile; fileRef = AA0000000000000004 /* ContentView.swift */; };
		AA0000000000000005 /* Assets.xcassets in Resources */ = {isa = PBXBuildFile; fileRef = AA0000000000000006 /* Assets.xcassets */; };
		AA0000000000000007 /* Preview Assets.xcassets in Resources */ = {isa = PBXBuildFile; fileRef = AA0000000000000008 /* Preview Assets.xcassets */; };
/* End PBXBuildFile section */

/* Begin PBXFileReference section */
		500F08172EA63CB300316330 /* Config.swift */ = {isa = PBXFileReference; lastKnownFileType = sourcecode.swift; path = Config.swift; sourceTree = "<group>"; };
		500F08182EA63CB300316330 /* FinanceItem.swift */ = {isa = PBXFileReference; lastKnownFileType = sourcecode.swift; path = FinanceItem.swift; sourceTree = "<group>"; };
		500F08192EA63CB300316330 /* RevenueItem.swift */ = {isa = PBXFileReference; lastKnownFileType = sourcecode.swift; path = RevenueItem.swift; sourceTree = "<group>"; };
		500F081A2EA63CB300316330 /* SubscriptionItem.swift */ = {isa = PBXFileReference; lastKnownFileType = sourcecode.swift; path = SubscriptionItem.swift; sourceTree = "<group>"; };
		500F081C2EA63CB300316330 /* CurrencyService.swift */ = {isa = PBXFileReference; lastKnownFileType = sourcecode.swift; path = CurrencyService.swift; sourceTree = "<group>"; };
		500F081D2EA63CB300316330 /* OfflineQueueService.swift */ = {isa = PBXFileReference; lastKnownFileType = sourcecode.swift; path = OfflineQueueService.swift; sourceTree = "<group>"; };
		500F081E2EA63CB300316330 /* SupabaseService.swift */ = {isa = PBXFileReference; lastKnownFileType = sourcecode.swift; path = SupabaseService.swift; sourceTree = "<group>"; };
		500F08652EA63CB300316330 /* LocalStorageService.swift */ = {isa = PBXFileReference; lastKnownFileType = sourcecode.swift; path = LocalStorageService.swift; sourceTree = "<group>"; };
		500F08202EA63CB300316330 /* DateCalculations.swift */ = {isa = PBXFileReference; lastKnownFileType = sourcecode.swift; path = DateCalculations.swift; sourceTree = "<group>"; };
		500F08212EA63CB300316330 /* FallbackRates.swift */ = {isa = PBXFileReference; lastKnownFileType = sourcecode.swift; path = FallbackRates.swift; sourceTree = "<group>"; };
		500F08222EA63CB300316330 /* FinancialCalculations.swift */ = {isa = PBXFileReference; lastKnownFileType = sourcecode.swift; path = FinancialCalculations.swift; sourceTree = "<group>"; };
		500F08232EA63CB300316330 /* NetworkStatus.swift */ = {isa = PBXFileReference; lastKnownFileType = sourcecode.swift; path = NetworkStatus.swift; sourceTree = "<group>"; };
		500F08252EA63CB300316330 /* AccountsViewModel.swift */ = {isa = PBXFileReference; lastKnownFileType = sourcecode.swift; path = AccountsViewModel.swift; sourceTree = "<group>"; };
		500F08262EA63CB300316330 /* AuthViewModel.swift */ = {isa = PBXFileReference; lastKnownFileType = sourcecode.swift; path = AuthViewModel.swift; sourceTree = "<group>"; };
		500F08272EA63CB300316330 /* DashboardViewModel.swift */ = {isa = PBXFileReference; lastKnownFileType = sourcecode.swift; path = DashboardViewModel.swift; sourceTree = "<group>"; };
		500F08282EA63CB300316330 /* RevenueViewModel.swift */ = {isa = PBXFileReference; lastKnownFileType = sourcecode.swift; path = RevenueViewModel.swift; sourceTree = "<group>"; };
		500F08292EA63CB300316330 /* SubscriptionsViewModel.swift */ = {isa = PBXFileReference; lastKnownFileType = sourcecode.swift; path = SubscriptionsViewModel.swift; sourceTree = "<group>"; };
		500F082B2EA63CB300316330 /* AccountFormView.swift */ = {isa = PBXFileReference; lastKnownFileType = sourcecode.swift; path = AccountFormView.swift; sourceTree = "<group>"; };
		500F082C2EA63CB300316330 /* AccountRowView.swift */ = {isa = PBXFileReference; lastKnownFileType = sourcecode.swift; path = AccountRowView.swift; sourceTree = "<group>"; };
		500F082D2EA63CB300316330 /* AccountsScreen.swift */ = {isa = PBXFileReference; lastKnownFileType = sourcecode.swift; path = AccountsScreen.swift; sourceTree = "<group>"; };
		500F082F2EA63CB300316330 /* SignInView.swift */ = {isa = PBXFileReference; lastKnownFileType = sourcecode.swift; path = SignInView.swift; sourceTree = "<group>"; };
		500F08312EA63CB300316330 /* BalanceCard.swift */ = {isa = PBXFileReference; lastKnownFileType = sourcecode.swift; path = BalanceCard.swift; sourceTree = "<group>"; };
		500F08322EA63CB300316330 /* DashboardScreen.swift */ = {isa = PBXFileReference; lastKnownFileType = sourcecode.swift; path = DashboardScreen.swift; sourceTree = "<group>"; };
		500F08332EA63CB300316330 /* ProjectionChartView.swift */ = {isa = PBXFileReference; lastKnownFileType = sourcecode.swift; path = ProjectionChartView.swift; sourceTree = "<group>"; };
		500F08342EA63CB300316330 /* QuickStatsView.swift */ = {isa = PBXFileReference; lastKnownFileType = sourcecode.swift; path = QuickStatsView.swift; sourceTree = "<group>"; };
		500F08362EA63CB300316330 /* RevenueFormView.swift */ = {isa = PBXFileReference; lastKnownFileType = sourcecode.swift; path = RevenueFormView.swift; sourceTree = "<group>"; };
		500F08372EA63CB300316330 /* RevenueRowView.swift */ = {isa = PBXFileReference; lastKnownFileType = sourcecode.swift; path = RevenueRowView.swift; sourceTree = "<group>"; };
		500F08382EA63CB300316330 /* RevenueScreen.swift */ = {isa = PBXFileReference; lastKnownFileType = sourcecode.swift; path = RevenueScreen.swift; sourceTree = "<group>"; };
		500F083A2EA63CB300316330 /* MainTabView.swift */ = {isa = PBXFileReference; lastKnownFileType = sourcecode.swift; path = MainTabView.swift; sourceTree = "<group>"; };
		500F083B2EA63CB300316330 /* ToastManager.swift */ = {isa = PBXFileReference; lastKnownFileType = sourcecode.swift; path = ToastManager.swift; sourceTree = "<group>"; };
		500F083C2EA63CB300316330 /* ToastView.swift */ = {isa = PBXFileReference; lastKnownFileType = sourcecode.swift; path = ToastView.swift; sourceTree = "<group>"; };
		500F083E2EA63CB300316330 /* SubscriptionFormView.swift */ = {isa = PBXFileReference; lastKnownFileType = sourcecode.swift; path = SubscriptionFormView.swift; sourceTree = "<group>"; };
		500F083F2EA63CB300316330 /* SubscriptionRowView.swift */ = {isa = PBXFileReference; lastKnownFileType = sourcecode.swift; path = SubscriptionRowView.swift; sourceTree = "<group>"; };
		500F08402EA63CB300316330 /* SubscriptionsScreen.swift */ = {isa = PBXFileReference; lastKnownFileType = sourcecode.swift; path = SubscriptionsScreen.swift; sourceTree = "<group>"; };
		500F08692EA63CB300316330 /* SettingsScreen.swift */ = {isa = PBXFileReference; lastKnownFileType = sourcecode.swift; path = SettingsScreen.swift; sourceTree = "<group>"; };
		500F08682EA642C700316330 /* Info.plist */ = {isa = PBXFileReference; lastKnownFileType = text.plist; path = Info.plist; sourceTree = "<group>"; };
		AA0000000000000000 /* FinanceTrackerApp.app */ = {isa = PBXFileReference; explicitFileType = wrapper.application; includeInIndex = 0; path = FinanceTrackerApp.app; sourceTree = BUILT_PRODUCTS_DIR; };
		AA0000000000000002 /* FinanceTrackerApp.swift */ = {isa = PBXFileReference; lastKnownFileType = sourcecode.swift; path = FinanceTrackerApp.swift; sourceTree = "<group>"; };
		AA0000000000000004 /* ContentView.swift */ = {isa = PBXFileReference; lastKnownFileType = sourcecode.swift; path = ContentView.swift; sourceTree = "<group>"; };
		AA0000000000000006 /* Assets.xcassets */ = {isa = PBXFileReference; lastKnownFileType = folder.assetcatalog; path = Assets.xcassets; sourceTree = "<group>"; };
		AA0000000000000008 /* Preview Assets.xcassets */ = {isa = PBXFileReference; lastKnownFileType = folder.assetcatalog; path = "Preview Assets.xcassets"; sourceTree = "<group>"; };
/* End PBXFileReference section */

/* Begin PBXFrameworksBuildPhase section */
		AA0000000000000009 /* Frameworks */ = {
			isa = PBXFrameworksBuildPhase;
			buildActionMask = 2147483647;
			files = (
				500F08672EA63DE000316330 /* Supabase in Frameworks */,
			);
			runOnlyForDeploymentPostprocessing = 0;
		};
/* End PBXFrameworksBuildPhase section */

/* Begin PBXGroup section */
		500F081B2EA63CB300316330 /* Models */ = {
			isa = PBXGroup;
			children = (
				500F08182EA63CB300316330 /* FinanceItem.swift */,
				500F08192EA63CB300316330 /* RevenueItem.swift */,
				500F081A2EA63CB300316330 /* SubscriptionItem.swift */,
			);
			path = Models;
			sourceTree = "<group>";
		};
		500F081F2EA63CB300316330 /* Services */ = {
			isa = PBXGroup;
			children = (
				500F081C2EA63CB300316330 /* CurrencyService.swift */,
				500F081D2EA63CB300316330 /* OfflineQueueService.swift */,
				500F081E2EA63CB300316330 /* SupabaseService.swift */,
				500F08652EA63CB300316330 /* LocalStorageService.swift */,
			);
			path = Services;
			sourceTree = "<group>";
		};
		500F08242EA63CB300316330 /* Utilities */ = {
			isa = PBXGroup;
			children = (
				500F08202EA63CB300316330 /* DateCalculations.swift */,
				500F08212EA63CB300316330 /* FallbackRates.swift */,
				500F08222EA63CB300316330 /* FinancialCalculations.swift */,
				500F08232EA63CB300316330 /* NetworkStatus.swift */,
			);
			path = Utilities;
			sourceTree = "<group>";
		};
		500F082A2EA63CB300316330 /* ViewModels */ = {
			isa = PBXGroup;
			children = (
				500F08252EA63CB300316330 /* AccountsViewModel.swift */,
				500F08262EA63CB300316330 /* AuthViewModel.swift */,
				500F08272EA63CB300316330 /* DashboardViewModel.swift */,
				500F08282EA63CB300316330 /* RevenueViewModel.swift */,
				500F08292EA63CB300316330 /* SubscriptionsViewModel.swift */,
			);
			path = ViewModels;
			sourceTree = "<group>";
		};
		500F082E2EA63CB300316330 /* Accounts */ = {
			isa = PBXGroup;
			children = (
				500F082B2EA63CB300316330 /* AccountFormView.swift */,
				500F082C2EA63CB300316330 /* AccountRowView.swift */,
				500F082D2EA63CB300316330 /* AccountsScreen.swift */,
			);
			path = Accounts;
			sourceTree = "<group>";
		};
		500F08302EA63CB300316330 /* Auth */ = {
			isa = PBXGroup;
			children = (
				500F082F2EA63CB300316330 /* SignInView.swift */,
			);
			path = Auth;
			sourceTree = "<group>";
		};
		500F08352EA63CB300316330 /* Dashboard */ = {
			isa = PBXGroup;
			children = (
				500F08312EA63CB300316330 /* BalanceCard.swift */,
				500F08322EA63CB300316330 /* DashboardScreen.swift */,
				500F08332EA63CB300316330 /* ProjectionChartView.swift */,
				500F08342EA63CB300316330 /* QuickStatsView.swift */,
			);
			path = Dashboard;
			sourceTree = "<group>";
		};
		500F08392EA63CB300316330 /* Revenue */ = {
			isa = PBXGroup;
			children = (
				500F08362EA63CB300316330 /* RevenueFormView.swift */,
				500F08372EA63CB300316330 /* RevenueRowView.swift */,
				500F08382EA63CB300316330 /* RevenueScreen.swift */,
			);
			path = Revenue;
			sourceTree = "<group>";
		};
		500F083D2EA63CB300316330 /* Shared */ = {
			isa = PBXGroup;
			children = (
				500F083A2EA63CB300316330 /* MainTabView.swift */,
				500F083B2EA63CB300316330 /* ToastManager.swift */,
				500F083C2EA63CB300316330 /* ToastView.swift */,
			);
			path = Shared;
			sourceTree = "<group>";
		};
		500F08412EA63CB300316330 /* Subscriptions */ = {
			isa = PBXGroup;
			children = (
				500F083E2EA63CB300316330 /* SubscriptionFormView.swift */,
				500F083F2EA63CB300316330 /* SubscriptionRowView.swift */,
				500F08402EA63CB300316330 /* SubscriptionsScreen.swift */,
			);
			path = Subscriptions;
			sourceTree = "<group>";
		};
		500F086B2EA63CB300316330 /* Settings */ = {
			isa = PBXGroup;
			children = (
				500F08692EA63CB300316330 /* SettingsScreen.swift */,
			);
			path = Settings;
			sourceTree = "<group>";
		};
		500F08422EA63CB300316330 /* Views */ = {
			isa = PBXGroup;
			children = (
				500F082E2EA63CB300316330 /* Accounts */,
				500F08302EA63CB300316330 /* Auth */,
				500F08352EA63CB300316330 /* Dashboard */,
				500F08392EA63CB300316330 /* Revenue */,
				500F086B2EA63CB300316330 /* Settings */,
				500F083D2EA63CB300316330 /* Shared */,
				500F08412EA63CB300316330 /* Subscriptions */,
			);
			path = Views;
			sourceTree = "<group>";
		};
		500F08652EA63DE000316330 /* Frameworks */ = {
			isa = PBXGroup;
			children = (
			);
			name = Frameworks;
			sourceTree = "<group>";
		};
		AA000000000000000A = {
			isa = PBXGroup;
			children = (
				AA000000000000000B /* FinanceTrackerApp */,
				500F08652EA63DE000316330 /* Frameworks */,
				AA000000000000000C /* Products */,
			);
			sourceTree = "<group>";
		};
		AA000000000000000B /* FinanceTrackerApp */ = {
			isa = PBXGroup;
			children = (
				500F08682EA642C700316330 /* Info.plist */,
				500F08172EA63CB300316330 /* Config.swift */,
				500F081B2EA63CB300316330 /* Models */,
				500F081F2EA63CB300316330 /* Services */,
				500F08242EA63CB300316330 /* Utilities */,
				500F082A2EA63CB300316330 /* ViewModels */,
				500F08422EA63CB300316330 /* Views */,
				AA0000000000000002 /* FinanceTrackerApp.swift */,
				AA0000000000000004 /* ContentView.swift */,
				AA0000000000000006 /* Assets.xcassets */,
				AA000000000000000D /* Preview Content */,
			);
			path = FinanceTrackerApp;
			sourceTree = "<group>";
		};
		AA000000000000000C /* Products */ = {
			isa = PBXGroup;
			children = (
				AA0000000000000000 /* FinanceTrackerApp.app */,
			);
			name = Products;
			sourceTree = "<group>";
		};
		AA000000000000000D /* Preview Content */ = {
			isa = PBXGroup;
			children = (
				AA0000000000000008 /* Preview Assets.xcassets */,
			);
			path = "Preview Content";
			sourceTree = "<group>";
		};
/* End PBXGroup section */

/* Begin PBXNativeTarget section */
		AA000000000000000E /* FinanceTrackerApp */ = {
			isa = PBXNativeTarget;
			buildConfigurationList = AA000000000000000F /* Build configuration list for PBXNativeTarget "FinanceTrackerApp" */;
			buildPhases = (
				AA0000000000000010 /* Sources */,
				AA0000000000000009 /* Frameworks */,
				AA0000000000000011 /* Resources */,
			);
			buildRules = (
			);
			dependencies = (
			);
			name = FinanceTrackerApp;
			productName = FinanceTrackerApp;
			productReference = AA0000000000000000 /* FinanceTrackerApp.app */;
			productType = "com.apple.product-type.application";
		};
/* End PBXNativeTarget section */

/* Begin PBXProject section */
		AA0000000000000012 /* Project object */ = {
			isa = PBXProject;
			attributes = {
				BuildIndependentTargetsInParallel = 1;
				LastSwiftUpdateCheck = 1500;
				LastUpgradeCheck = 2600;
				TargetAttributes = {
					AA000000000000000E = {
						CreatedOnToolsVersion = 15.0;
					};
				};
			};
			buildConfigurationList = AA0000000000000013 /* Build configuration list for PBXProject "FinanceTrackerApp" */;
			compatibilityVersion = "Xcode 14.0";
			developmentRegion = en;
			hasScannedForEncodings = 0;
			knownRegions = (
				en,
				Base,
			);
			mainGroup = AA000000000000000A;
			packageReferences = (
				500F08642EA63D7300316330 /* XCRemoteSwiftPackageReference "supabase-swift" */,
			);
			productRefGroup = AA000000000000000C /* Products */;
			projectDirPath = "";
			projectRoot = "";
			targets = (
				AA000000000000000E /* FinanceTrackerApp */,
			);
		};
/* End PBXProject section */

/* Begin PBXResourcesBuildPhase section */
		AA0000000000000011 /* Resources */ = {
			isa = PBXResourcesBuildPhase;
			buildActionMask = 2147483647;
			files = (
				AA0000000000000007 /* Preview Assets.xcassets in Resources */,
				AA0000000000000005 /* Assets.xcassets in Resources */,
			);
			runOnlyForDeploymentPostprocessing = 0;
		};
/* End PBXResourcesBuildPhase section */

/* Begin PBXSourcesBuildPhase section */
		AA0000000000000010 /* Sources */ = {
			isa = PBXSourcesBuildPhase;
			buildActionMask = 2147483647;
			files = (
				500F08432EA63CB300316330 /* AccountFormView.swift in Sources */,
				500F08442EA63CB300316330 /* DashboardScreen.swift in Sources */,
				500F08452EA63CB300316330 /* FallbackRates.swift in Sources */,
				500F08462EA63CB300316330 /* FinanceItem.swift in Sources */,
				500F08472EA63CB300316330 /* NetworkStatus.swift in Sources */,
				500F08482EA63CB300316330 /* OfflineQueueService.swift in Sources */,
				500F08492EA63CB300316330 /* RevenueFormView.swift in Sources */,
				500F084A2EA63CB300316330 /* SubscriptionRowView.swift in Sources */,
				500F084B2EA63CB300316330 /* RevenueRowView.swift in Sources */,
				500F084C2EA63CB300316330 /* SubscriptionFormView.swift in Sources */,
				500F084D2EA63CB300316330 /* RevenueViewModel.swift in Sources */,
				500F084E2EA63CB300316330 /* AuthViewModel.swift in Sources */,
				500F084F2EA63CB300316330 /* SubscriptionItem.swift in Sources */,
				500F08502EA63CB300316330 /* ToastManager.swift in Sources */,
				500F08512EA63CB300316330 /* AccountsViewModel.swift in Sources */,
				500F08522EA63CB300316330 /* AccountsScreen.swift in Sources */,
				500F08532EA63CB300316330 /* ProjectionChartView.swift in Sources */,
				500F08542EA63CB300316330 /* RevenueScreen.swift in Sources */,
				500F08552EA63CB300316330 /* RevenueItem.swift in Sources */,
				500F08562EA63CB300316330 /* DateCalculations.swift in Sources */,
				500F08572EA63CB300316330 /* Config.swift in Sources */,
				500F08582EA63CB300316330 /* SubscriptionsScreen.swift in Sources */,
				500F08592EA63CB300316330 /* SupabaseService.swift in Sources */,
				500F085A2EA63CB300316330 /* AccountRowView.swift in Sources */,
				500F085B2EA63CB300316330 /* BalanceCard.swift in Sources */,
				500F085C2EA63CB300316330 /* DashboardViewModel.swift in Sources */,
				500F085D2EA63CB300316330 /* QuickStatsView.swift in Sources */,
				500F085E2EA63CB300316330 /* SignInView.swift in Sources */,
				500F085F2EA63CB300316330 /* ToastView.swift in Sources */,
				500F08602EA63CB300316330 /* SubscriptionsViewModel.swift in Sources */,
				500F08612EA63CB300316330 /* MainTabView.swift in Sources */,
				500F08622EA63CB300316330 /* FinancialCalculations.swift in Sources */,
				500F08632EA63CB300316330 /* CurrencyService.swift in Sources */,
				500F08642EA63CB300316330 /* LocalStorageService.swift in Sources */,
				500F086A2EA63CB300316330 /* SettingsScreen.swift in Sources */,
				AA0000000000000003 /* ContentView.swift in Sources */,
				AA0000000000000001 /* FinanceTrackerApp.swift in Sources */,
			);
			runOnlyForDeploymentPostprocessing = 0;
		};
/* End PBXSourcesBuildPhase section */

/* Begin XCBuildConfiguration section */
		AA0000000000000014 /* Debug */ = {
			isa = XCBuildConfiguration;
			buildSettings = {
				ALWAYS_SEARCH_USER_PATHS = NO;
				ASSETCATALOG_COMPILER_GENERATE_SWIFT_ASSET_SYMBOL_EXTENSIONS = YES;
				CLANG_ANALYZER_NONNULL = YES;
				CLANG_ANALYZER_NUMBER_OBJECT_CONVERSION = YES_AGGRESSIVE;
				CLANG_CXX_LANGUAGE_STANDARD = "gnu++20";
				CLANG_ENABLE_MODULES = YES;
				CLANG_ENABLE_OBJC_ARC = YES;
				CLANG_ENABLE_OBJC_WEAK = YES;
				CLANG_WARN_BLOCK_CAPTURE_AUTORELEASING = YES;
				CLANG_WARN_BOOL_CONVERSION = YES;
				CLANG_WARN_COMMA = YES;
				CLANG_WARN_CONSTANT_CONVERSION = YES;
				CLANG_WARN_DEPRECATED_OBJC_IMPLEMENTATIONS = YES;
				CLANG_WARN_DIRECT_OBJC_ISA_USAGE = YES_ERROR;
				CLANG_WARN_DOCUMENTATION_COMMENTS = YES;
				CLANG_WARN_EMPTY_BODY = YES;
				CLANG_WARN_ENUM_CONVERSION = YES;
				CLANG_WARN_INFINITE_RECURSION = YES;
				CLANG_WARN_INT_CONVERSION = YES;
				CLANG_WARN_NON_LITERAL_NULL_CONVERSION = YES;
				CLANG_WARN_OBJC_IMPLICIT_RETAIN_SELF = YES;
				CLANG_WARN_OBJC_LITERAL_CONVERSION = YES;
				CLANG_WARN_OBJC_ROOT_CLASS = YES_ERROR;
				CLANG_WARN_QUOTED_INCLUDE_IN_FRAMEWORK_HEADER = YES;
				CLANG_WARN_RANGE_LOOP_ANALYSIS = YES;
				CLANG_WARN_STRICT_PROTOTYPES = YES;
				CLANG_WARN_SUSPICIOUS_MOVE = YES;
				CLANG_WARN_UNGUARDED_AVAILABILITY = YES_AGGRESSIVE;
				CLANG_WARN_UNREACHABLE_CODE = YES;
				CLANG_WARN__DUPLICATE_METHOD_MATCH = YES;
				COPY_PHASE_STRIP = NO;
				DEBUG_INFORMATION_FORMAT = dwarf;
				ENABLE_STRICT_OBJC_MSGSEND = YES;
				ENABLE_TESTABILITY = YES;
				ENABLE_USER_SCRIPT_SANDBOXING = YES;
				GCC_C_LANGUAGE_STANDARD = gnu17;
				GCC_DYNAMIC_NO_PIC = NO;
				GCC_NO_COMMON_BLOCKS = YES;
				GCC_OPTIMIZATION_LEVEL = 0;
				GCC_PREPROCESSOR_DEFINITIONS = (
					"DEBUG=1",
					"$(inherited)",
				);
				GCC_WARN_64_TO_32_BIT_CONVERSION = YES;
				GCC_WARN_ABOUT_RETURN_TYPE = YES_ERROR;
				GCC_WARN_UNDECLARED_SELECTOR = YES;
				GCC_WARN_UNINITIALIZED_AUTOS = YES_AGGRESSIVE;
				GCC_WARN_UNUSED_FUNCTION = YES;
				GCC_WARN_UNUSED_VARIABLE = YES;
				IPHONEOS_DEPLOYMENT_TARGET = 16.0;
				LOCALIZATION_PREFERS_STRING_CATALOGS = YES;
				MTL_ENABLE_DEBUG_INFO = INCLUDE_SOURCE;
				MTL_FAST_MATH = YES;
				ONLY_ACTIVE_ARCH = YES;
				SDKROOT = iphoneos;
				STRING_CATALOG_GENERATE_SYMBOLS = YES;
				SWIFT_ACTIVE_COMPILATION_CONDITIONS = "DEBUG $(inherited)";
				SWIFT_OPTIMIZATION_LEVEL = "-Onone";
			};
			name = Debug;
		};
		AA0000000000000015 /* Release */ = {
			isa = XCBuildConfiguration;
			buildSettings = {
				ALWAYS_SEARCH_USER_PATHS = NO;
				ASSETCATALOG_COMPILER_GENERATE_SWIFT_ASSET_SYMBOL_EXTENSIONS = YES;
				CLANG_ANALYZER_NONNULL = YES;
				CLANG_ANALYZER_NUMBER_OBJECT_CONVERSION = YES_AGGRESSIVE;
				CLANG_CXX_LANGUAGE_STANDARD = "gnu++20";
				CLANG_ENABLE_MODULES = YES;
				CLANG_ENABLE_OBJC_ARC = YES;
				CLANG_ENABLE_OBJC_WEAK = YES;
				CLANG_WARN_BLOCK_CAPTURE_AUTORELEASING = YES;
				CLANG_WARN_BOOL_CONVERSION = YES;
				CLANG_WARN_COMMA = YES;
				CLANG_WARN_CONSTANT_CONVERSION = YES;
				CLANG_WARN_DEPRECATED_OBJC_IMPLEMENTATIONS = YES;
				CLANG_WARN_DIRECT_OBJC_ISA_USAGE = YES_ERROR;
				CLANG_WARN_DOCUMENTATION_COMMENTS = YES;
				CLANG_WARN_EMPTY_BODY = YES;
				CLANG_WARN_ENUM_CONVERSION = YES;
				CLANG_WARN_INFINITE_RECURSION = YES;
				CLANG_WARN_INT_CONVERSION = YES;
				CLANG_WARN_NON_LITERAL_NULL_CONVERSION = YES;
				CLANG_WARN_OBJC_IMPLICIT_RETAIN_SELF = YES;
				CLANG_WARN_OBJC_LITERAL_CONVERSION = YES;
				CLANG_WARN_OBJC_ROOT_CLASS = YES_ERROR;
				CLANG_WARN_QUOTED_INCLUDE_IN_FRAMEWORK_HEADER = YES;
				CLANG_WARN_RANGE_LOOP_ANALYSIS = YES;
				CLANG_WARN_STRICT_PROTOTYPES = YES;
				CLANG_WARN_SUSPICIOUS_MOVE = YES;
				CLANG_WARN_UNGUARDED_AVAILABILITY = YES_AGGRESSIVE;
				CLANG_WARN_UNREACHABLE_CODE = YES;
				CLANG_WARN__DUPLICATE_METHOD_MATCH = YES;
				COPY_PHASE_STRIP = NO;
				DEBUG_INFORMATION_FORMAT = "dwarf-with-dsym";
				ENABLE_NS_ASSERTIONS = NO;
				ENABLE_STRICT_OBJC_MSGSEND = YES;
				ENABLE_USER_SCRIPT_SANDBOXING = YES;
				GCC_C_LANGUAGE_STANDARD = gnu17;
				GCC_NO_COMMON_BLOCKS = YES;
				GCC_WARN_64_TO_32_BIT_CONVERSION = YES;
				GCC_WARN_ABOUT_RETURN_TYPE = YES_ERROR;
				GCC_WARN_UNDECLARED_SELECTOR = YES;
				GCC_WARN_UNINITIALIZED_AUTOS = YES_AGGRESSIVE;
				GCC_WARN_UNUSED_FUNCTION = YES;
				GCC_WARN_UNUSED_VARIABLE = YES;
				IPHONEOS_DEPLOYMENT_TARGET = 16.0;
				LOCALIZATION_PREFERS_STRING_CATALOGS = YES;
				MTL_ENABLE_DEBUG_INFO = NO;
				MTL_FAST_MATH = YES;
				SDKROOT = iphoneos;
				STRING_CATALOG_GENERATE_SYMBOLS = YES;
				SWIFT_COMPILATION_MODE = wholemodule;
				VALIDATE_PRODUCT = YES;
			};
			name = Release;
		};
		AA0000000000000016 /* Debug */ = {
			isa = XCBuildConfiguration;
			buildSettings = {
				ASSETCATALOG_COMPILER_APPICON_NAME = AppIcon;
				ASSETCATALOG_COMPILER_GLOBAL_ACCENT_COLOR_NAME = AccentColor;
				CODE_SIGN_STYLE = Automatic;
				CURRENT_PROJECT_VERSION = 1;
				DEVELOPMENT_ASSET_PATHS = "\"FinanceTrackerApp/Preview Content\"";
				ENABLE_PREVIEWS = YES;
				GENERATE_INFOPLIST_FILE = YES;
				INFOPLIST_FILE = FinanceTrackerApp/Info.plist;
				INFOPLIST_KEY_UIApplicationSceneManifest_Generation = YES;
				INFOPLIST_KEY_UIApplicationSupportsIndirectInputEvents = YES;
				INFOPLIST_KEY_UILaunchScreen_Generation = YES;
				INFOPLIST_KEY_UISupportedInterfaceOrientations_iPad = "UIInterfaceOrientationPortrait UIInterfaceOrientationPortraitUpsideDown UIInterfaceOrientationLandscapeLeft UIInterfaceOrientationLandscapeRight";
				INFOPLIST_KEY_UISupportedInterfaceOrientations_iPhone = "UIInterfaceOrientationPortrait UIInterfaceOrientationLandscapeLeft UIInterfaceOrientationLandscapeRight";
				LD_RUNPATH_SEARCH_PATHS = (
					"$(inherited)",
					"@executable_path/Frameworks",
				);
				MARKETING_VERSION = 1.0;
				PRODUCT_BUNDLE_IDENTIFIER = com.financetracker.app;
				PRODUCT_NAME = "$(TARGET_NAME)";
				SWIFT_EMIT_LOC_STRINGS = YES;
				SWIFT_VERSION = 5.0;
				TARGETED_DEVICE_FAMILY = "1,2";
			};
			name = Debug;
		};
		AA0000000000000017 /* Release */ = {
			isa = XCBuildConfiguration;
			buildSettings = {
				ASSETCATALOG_COMPILER_APPICON_NAME = AppIcon;
				ASSETCATALOG_COMPILER_GLOBAL_ACCENT_COLOR_NAME = AccentColor;
				CODE_SIGN_STYLE = Automatic;
				CURRENT_PROJECT_VERSION = 1;
				DEVELOPMENT_ASSET_PATHS = "\"FinanceTrackerApp/Preview Content\"";
				ENABLE_PREVIEWS = YES;
				GENERATE_INFOPLIST_FILE = YES;
				INFOPLIST_FILE = FinanceTrackerApp/Info.plist;
				INFOPLIST_KEY_UIApplicationSceneManifest_Generation = YES;
				INFOPLIST_KEY_UIApplicationSupportsIndirectInputEvents = YES;
				INFOPLIST_KEY_UILaunchScreen_Generation = YES;
				INFOPLIST_KEY_UISupportedInterfaceOrientations_iPad = "UIInterfaceOrientationPortrait UIInterfaceOrientationPortraitUpsideDown UIInterfaceOrientationLandscapeLeft UIInterfaceOrientationLandscapeRight";
				INFOPLIST_KEY_UISupportedInterfaceOrientations_iPhone = "UIInterfaceOrientationPortrait UIInterfaceOrientationLandscapeLeft UIInterfaceOrientationLandscapeRight";
				LD_RUNPATH_SEARCH_PATHS = (
					"$(inherited)",
					"@executable_path/Frameworks",
				);
				MARKETING_VERSION = 1.0;
				PRODUCT_BUNDLE_IDENTIFIER = com.financetracker.app;
				PRODUCT_NAME = "$(TARGET_NAME)";
				SWIFT_EMIT_LOC_STRINGS = YES;
				SWIFT_VERSION = 5.0;
				TARGETED_DEVICE_FAMILY = "1,2";
			};
			name = Release;
		};
/* End XCBuildConfiguration section */

/* Begin XCConfigurationList section */
		AA000000000000000F /* Build configuration list for PBXNativeTarget "FinanceTrackerApp" */ = {
			isa = XCConfigurationList;
			buildConfigurations = (
				AA0000000000000016 /* Debug */,
				AA0000000000000017 /* Release */,
			);
			defaultConfigurationIsVisible = 0;
			defaultConfigurationName = Release;
		};
		AA0000000000000013 /* Build configuration list for PBXProject "FinanceTrackerApp" */ = {
			isa = XCConfigurationList;
			buildConfigurations = (
				AA0000000000000014 /* Debug */,
				AA0000000000000015 /* Release */,
			);
			defaultConfigurationIsVisible = 0;
			defaultConfigurationName = Release;
		};
/* End XCConfigurationList section */

/* Begin XCRemoteSwiftPackageReference section */
		500F08642EA63D7300316330 /* XCRemoteSwiftPackageReference "supabase-swift" */ = {
			isa = XCRemoteSwiftPackageReference;
			repositoryURL = "https://github.com/supabase/supabase-swift";
			requirement = {
				kind = upToNextMajorVersion;
				minimumVersion = 2.5.1;
			};
		};
/* End XCRemoteSwiftPackageReference section */

/* Begin XCSwiftPackageProductDependency section */
		500F08662EA63DE000316330 /* Supabase */ = {
			isa = XCSwiftPackageProductDependency;
			package = 500F08642EA63D7300316330 /* XCRemoteSwiftPackageReference "supabase-swift" */;
			productName = Supabase;
		};
/* End XCSwiftPackageProductDependency section */
	};
	rootObject = AA0000000000000012 /* Project object */;
}
